// !$*UTF8*$!
{
	archiveVersion = 1;
	classes = {
	};
	objectVersion = 46;
	objects = {

/* Begin PBXBuildFile section */
		268399171B86D340002299E6 /* main.m in Sources */ = {isa = PBXBuildFile; fileRef = 268399161B86D340002299E6 /* main.m */; };
		2683991A1B86D340002299E6 /* AppDelegate.m in Sources */ = {isa = PBXBuildFile; fileRef = 268399191B86D340002299E6 /* AppDelegate.m */; };
		2683991D1B86D340002299E6 /* ViewController.m in Sources */ = {isa = PBXBuildFile; fileRef = 2683991C1B86D340002299E6 /* ViewController.m */; };
		268399201B86D340002299E6 /* Main.storyboard in Resources */ = {isa = PBXBuildFile; fileRef = 2683991E1B86D340002299E6 /* Main.storyboard */; };
		268399221B86D340002299E6 /* Images.xcassets in Resources */ = {isa = PBXBuildFile; fileRef = 268399211B86D340002299E6 /* Images.xcassets */; };
		268399251B86D340002299E6 /* LaunchScreen.xib in Resources */ = {isa = PBXBuildFile; fileRef = 268399231B86D340002299E6 /* LaunchScreen.xib */; };
		268399311B86D340002299E6 /* ImageScanDemoTests.m in Sources */ = {isa = PBXBuildFile; fileRef = 268399301B86D340002299E6 /* ImageScanDemoTests.m */; };
		2683993D1B86D61E002299E6 /* ImageScanViewController.m in Sources */ = {isa = PBXBuildFile; fileRef = 2683993C1B86D61E002299E6 /* ImageScanViewController.m */; };
		268399401B86D63D002299E6 /* SingleImageScanViewController.m in Sources */ = {isa = PBXBuildFile; fileRef = 2683993F1B86D63D002299E6 /* SingleImageScanViewController.m */; };
		2683995A1B86D694002299E6 /* MASCompositeConstraint.m in Sources */ = {isa = PBXBuildFile; fileRef = 268399441B86D694002299E6 /* MASCompositeConstraint.m */; };
		2683995B1B86D694002299E6 /* MASConstraint.m in Sources */ = {isa = PBXBuildFile; fileRef = 268399471B86D694002299E6 /* MASConstraint.m */; };
		2683995C1B86D694002299E6 /* MASConstraintMaker.m in Sources */ = {isa = PBXBuildFile; fileRef = 268399491B86D694002299E6 /* MASConstraintMaker.m */; };
		2683995D1B86D694002299E6 /* MASLayoutConstraint.m in Sources */ = {isa = PBXBuildFile; fileRef = 2683994B1B86D694002299E6 /* MASLayoutConstraint.m */; };
		2683995E1B86D694002299E6 /* MASViewAttribute.m in Sources */ = {isa = PBXBuildFile; fileRef = 2683994F1B86D694002299E6 /* MASViewAttribute.m */; };
		2683995F1B86D694002299E6 /* MASViewConstraint.m in Sources */ = {isa = PBXBuildFile; fileRef = 268399511B86D694002299E6 /* MASViewConstraint.m */; };
		268399601B86D694002299E6 /* NSArray+MASAdditions.m in Sources */ = {isa = PBXBuildFile; fileRef = 268399531B86D694002299E6 /* NSArray+MASAdditions.m */; };
		268399611B86D694002299E6 /* NSLayoutConstraint+MASDebugAdditions.m in Sources */ = {isa = PBXBuildFile; fileRef = 268399561B86D694002299E6 /* NSLayoutConstraint+MASDebugAdditions.m */; };
		268399621B86D694002299E6 /* View+MASAdditions.m in Sources */ = {isa = PBXBuildFile; fileRef = 268399581B86D694002299E6 /* View+MASAdditions.m */; };
		268399751B86D6EF002299E6 /* 01.JPG in Resources */ = {isa = PBXBuildFile; fileRef = 268399651B86D6EF002299E6 /* 01.JPG */; };
		268399761B86D6EF002299E6 /* 02.JPG in Resources */ = {isa = PBXBuildFile; fileRef = 268399661B86D6EF002299E6 /* 02.JPG */; };
		268399771B86D6EF002299E6 /* 03.JPG in Resources */ = {isa = PBXBuildFile; fileRef = 268399671B86D6EF002299E6 /* 03.JPG */; };
		268399781B86D6EF002299E6 /* 04.JPG in Resources */ = {isa = PBXBuildFile; fileRef = 268399681B86D6EF002299E6 /* 04.JPG */; };
		268399791B86D6EF002299E6 /* 05.JPG in Resources */ = {isa = PBXBuildFile; fileRef = 268399691B86D6EF002299E6 /* 05.JPG */; };
		2683997A1B86D6EF002299E6 /* 06.JPG in Resources */ = {isa = PBXBuildFile; fileRef = 2683996A1B86D6EF002299E6 /* 06.JPG */; };
		2683997B1B86D6EF002299E6 /* 07.JPG in Resources */ = {isa = PBXBuildFile; fileRef = 2683996B1B86D6EF002299E6 /* 07.JPG */; };
		2683997C1B86D6EF002299E6 /* 08.JPG in Resources */ = {isa = PBXBuildFile; fileRef = 2683996C1B86D6EF002299E6 /* 08.JPG */; };
		2683997D1B86D6EF002299E6 /* 09.JPG in Resources */ = {isa = PBXBuildFile; fileRef = 2683996D1B86D6EF002299E6 /* 09.JPG */; };
		2683997E1B86D6EF002299E6 /* 10.JPG in Resources */ = {isa = PBXBuildFile; fileRef = 2683996E1B86D6EF002299E6 /* 10.JPG */; };
		2683997F1B86D6EF002299E6 /* 11.JPG in Resources */ = {isa = PBXBuildFile; fileRef = 2683996F1B86D6EF002299E6 /* 11.JPG */; };
		268399801B86D6EF002299E6 /* 12.JPG in Resources */ = {isa = PBXBuildFile; fileRef = 268399701B86D6EF002299E6 /* 12.JPG */; };
		268399811B86D6EF002299E6 /* 13.JPG in Resources */ = {isa = PBXBuildFile; fileRef = 268399711B86D6EF002299E6 /* 13.JPG */; };
		268399821B86D6EF002299E6 /* 14.JPG in Resources */ = {isa = PBXBuildFile; fileRef = 268399721B86D6EF002299E6 /* 14.JPG */; };
		268399831B86D6EF002299E6 /* 15.JPG in Resources */ = {isa = PBXBuildFile; fileRef = 268399731B86D6EF002299E6 /* 15.JPG */; };
		268399841B86D6EF002299E6 /* 16.JPG in Resources */ = {isa = PBXBuildFile; fileRef = 268399741B86D6EF002299E6 /* 16.JPG */; };
/* End PBXBuildFile section */

/* Begin PBXContainerItemProxy section */
		2683992B1B86D340002299E6 /* PBXContainerItemProxy */ = {
			isa = PBXContainerItemProxy;
			containerPortal = 268399091B86D340002299E6 /* Project object */;
			proxyType = 1;
			remoteGlobalIDString = 268399101B86D340002299E6;
			remoteInfo = ImageScanDemo;
		};
/* End PBXContainerItemProxy section */

/* Begin PBXFileReference section */
		268399111B86D340002299E6 /* ImageScanDemo.app */ = {isa = PBXFileReference; explicitFileType = wrapper.application; includeInIndex = 0; path = ImageScanDemo.app; sourceTree = BUILT_PRODUCTS_DIR; };
		268399151B86D340002299E6 /* Info.plist */ = {isa = PBXFileReference; lastKnownFileType = text.plist.xml; path = Info.plist; sourceTree = "<group>"; };
		268399161B86D340002299E6 /* main.m */ = {isa = PBXFileReference; lastKnownFileType = sourcecode.c.objc; path = main.m; sourceTree = "<group>"; };
		268399181B86D340002299E6 /* AppDelegate.h */ = {isa = PBXFileReference; lastKnownFileType = sourcecode.c.h; path = AppDelegate.h; sourceTree = "<group>"; };
		268399191B86D340002299E6 /* AppDelegate.m */ = {isa = PBXFileReference; lastKnownFileType = sourcecode.c.objc; path = AppDelegate.m; sourceTree = "<group>"; };
		2683991B1B86D340002299E6 /* ViewController.h */ = {isa = PBXFileReference; lastKnownFileType = sourcecode.c.h; path = ViewController.h; sourceTree = "<group>"; };
		2683991C1B86D340002299E6 /* ViewController.m */ = {isa = PBXFileReference; lastKnownFileType = sourcecode.c.objc; path = ViewController.m; sourceTree = "<group>"; };
		2683991F1B86D340002299E6 /* Base */ = {isa = PBXFileReference; lastKnownFileType = file.storyboard; name = Base; path = Base.lproj/Main.storyboard; sourceTree = "<group>"; };
		268399211B86D340002299E6 /* Images.xcassets */ = {isa = PBXFileReference; lastKnownFileType = folder.assetcatalog; path = Images.xcassets; sourceTree = "<group>"; };
		268399241B86D340002299E6 /* Base */ = {isa = PBXFileReference; lastKnownFileType = file.xib; name = Base; path = Base.lproj/LaunchScreen.xib; sourceTree = "<group>"; };
		2683992A1B86D340002299E6 /* ImageScanDemoTests.xctest */ = {isa = PBXFileReference; explicitFileType = wrapper.cfbundle; includeInIndex = 0; path = ImageScanDemoTests.xctest; sourceTree = BUILT_PRODUCTS_DIR; };
		2683992F1B86D340002299E6 /* Info.plist */ = {isa = PBXFileReference; lastKnownFileType = text.plist.xml; path = Info.plist; sourceTree = "<group>"; };
		268399301B86D340002299E6 /* ImageScanDemoTests.m */ = {isa = PBXFileReference; lastKnownFileType = sourcecode.c.objc; path = ImageScanDemoTests.m; sourceTree = "<group>"; };
		2683993B1B86D61E002299E6 /* ImageScanViewController.h */ = {isa = PBXFileReference; fileEncoding = 4; lastKnownFileType = sourcecode.c.h; path = ImageScanViewController.h; sourceTree = "<group>"; };
		2683993C1B86D61E002299E6 /* ImageScanViewController.m */ = {isa = PBXFileReference; fileEncoding = 4; lastKnownFileType = sourcecode.c.objc; path = ImageScanViewController.m; sourceTree = "<group>"; };
		2683993E1B86D63D002299E6 /* SingleImageScanViewController.h */ = {isa = PBXFileReference; fileEncoding = 4; lastKnownFileType = sourcecode.c.h; path = SingleImageScanViewController.h; sourceTree = "<group>"; };
		2683993F1B86D63D002299E6 /* SingleImageScanViewController.m */ = {isa = PBXFileReference; fileEncoding = 4; lastKnownFileType = sourcecode.c.objc; path = SingleImageScanViewController.m; sourceTree = "<group>"; };
		268399411B86D66F002299E6 /* ImageScan.pch */ = {isa = PBXFileReference; lastKnownFileType = sourcecode.c.h; path = ImageScan.pch; sourceTree = "<group>"; };
		268399431B86D694002299E6 /* MASCompositeConstraint.h */ = {isa = PBXFileReference; fileEncoding = 4; lastKnownFileType = sourcecode.c.h; path = MASCompositeConstraint.h; sourceTree = "<group>"; };
		268399441B86D694002299E6 /* MASCompositeConstraint.m */ = {isa = PBXFileReference; fileEncoding = 4; lastKnownFileType = sourcecode.c.objc; path = MASCompositeConstraint.m; sourceTree = "<group>"; };
		268399451B86D694002299E6 /* MASConstraint+Private.h */ = {isa = PBXFileReference; fileEncoding = 4; lastKnownFileType = sourcecode.c.h; path = "MASConstraint+Private.h"; sourceTree = "<group>"; };
		268399461B86D694002299E6 /* MASConstraint.h */ = {isa = PBXFileReference; fileEncoding = 4; lastKnownFileType = sourcecode.c.h; path = MASConstraint.h; sourceTree = "<group>"; };
		268399471B86D694002299E6 /* MASConstraint.m */ = {isa = PBXFileReference; fileEncoding = 4; lastKnownFileType = sourcecode.c.objc; path = MASConstraint.m; sourceTree = "<group>"; };
		268399481B86D694002299E6 /* MASConstraintMaker.h */ = {isa = PBXFileReference; fileEncoding = 4; lastKnownFileType = sourcecode.c.h; path = MASConstraintMaker.h; sourceTree = "<group>"; };
		268399491B86D694002299E6 /* MASConstraintMaker.m */ = {isa = PBXFileReference; fileEncoding = 4; lastKnownFileType = sourcecode.c.objc; path = MASConstraintMaker.m; sourceTree = "<group>"; };
		2683994A1B86D694002299E6 /* MASLayoutConstraint.h */ = {isa = PBXFileReference; fileEncoding = 4; lastKnownFileType = sourcecode.c.h; path = MASLayoutConstraint.h; sourceTree = "<group>"; };
		2683994B1B86D694002299E6 /* MASLayoutConstraint.m */ = {isa = PBXFileReference; fileEncoding = 4; lastKnownFileType = sourcecode.c.objc; path = MASLayoutConstraint.m; sourceTree = "<group>"; };
		2683994C1B86D694002299E6 /* Masonry.h */ = {isa = PBXFileReference; fileEncoding = 4; lastKnownFileType = sourcecode.c.h; path = Masonry.h; sourceTree = "<group>"; };
		2683994D1B86D694002299E6 /* MASUtilities.h */ = {isa = PBXFileReference; fileEncoding = 4; lastKnownFileType = sourcecode.c.h; path = MASUtilities.h; sourceTree = "<group>"; };
		2683994E1B86D694002299E6 /* MASViewAttribute.h */ = {isa = PBXFileReference; fileEncoding = 4; lastKnownFileType = sourcecode.c.h; path = MASViewAttribute.h; sourceTree = "<group>"; };
		2683994F1B86D694002299E6 /* MASViewAttribute.m */ = {isa = PBXFileReference; fileEncoding = 4; lastKnownFileType = sourcecode.c.objc; path = MASViewAttribute.m; sourceTree = "<group>"; };
		268399501B86D694002299E6 /* MASViewConstraint.h */ = {isa = PBXFileReference; fileEncoding = 4; lastKnownFileType = sourcecode.c.h; path = MASViewConstraint.h; sourceTree = "<group>"; };
		268399511B86D694002299E6 /* MASViewConstraint.m */ = {isa = PBXFileReference; fileEncoding = 4; lastKnownFileType = sourcecode.c.objc; path = MASViewConstraint.m; sourceTree = "<group>"; };
		268399521B86D694002299E6 /* NSArray+MASAdditions.h */ = {isa = PBXFileReference; fileEncoding = 4; lastKnownFileType = sourcecode.c.h; path = "NSArray+MASAdditions.h"; sourceTree = "<group>"; };
		268399531B86D694002299E6 /* NSArray+MASAdditions.m */ = {isa = PBXFileReference; fileEncoding = 4; lastKnownFileType = sourcecode.c.objc; path = "NSArray+MASAdditions.m"; sourceTree = "<group>"; };
		268399541B86D694002299E6 /* NSArray+MASShorthandAdditions.h */ = {isa = PBXFileReference; fileEncoding = 4; lastKnownFileType = sourcecode.c.h; path = "NSArray+MASShorthandAdditions.h"; sourceTree = "<group>"; };
		268399551B86D694002299E6 /* NSLayoutConstraint+MASDebugAdditions.h */ = {isa = PBXFileReference; fileEncoding = 4; lastKnownFileType = sourcecode.c.h; path = "NSLayoutConstraint+MASDebugAdditions.h"; sourceTree = "<group>"; };
		268399561B86D694002299E6 /* NSLayoutConstraint+MASDebugAdditions.m */ = {isa = PBXFileReference; fileEncoding = 4; lastKnownFileType = sourcecode.c.objc; path = "NSLayoutConstraint+MASDebugAdditions.m"; sourceTree = "<group>"; };
		268399571B86D694002299E6 /* View+MASAdditions.h */ = {isa = PBXFileReference; fileEncoding = 4; lastKnownFileType = sourcecode.c.h; path = "View+MASAdditions.h"; sourceTree = "<group>"; };
		268399581B86D694002299E6 /* View+MASAdditions.m */ = {isa = PBXFileReference; fileEncoding = 4; lastKnownFileType = sourcecode.c.objc; path = "View+MASAdditions.m"; sourceTree = "<group>"; };
		268399591B86D694002299E6 /* View+MASShorthandAdditions.h */ = {isa = PBXFileReference; fileEncoding = 4; lastKnownFileType = sourcecode.c.h; path = "View+MASShorthandAdditions.h"; sourceTree = "<group>"; };
		268399651B86D6EF002299E6 /* 01.JPG */ = {isa = PBXFileReference; lastKnownFileType = image.jpeg; path = 01.JPG; sourceTree = "<group>"; };
		268399661B86D6EF002299E6 /* 02.JPG */ = {isa = PBXFileReference; lastKnownFileType = image.jpeg; path = 02.JPG; sourceTree = "<group>"; };
		268399671B86D6EF002299E6 /* 03.JPG */ = {isa = PBXFileReference; lastKnownFileType = image.jpeg; path = 03.JPG; sourceTree = "<group>"; };
		268399681B86D6EF002299E6 /* 04.JPG */ = {isa = PBXFileReference; lastKnownFileType = image.jpeg; path = 04.JPG; sourceTree = "<group>"; };
		268399691B86D6EF002299E6 /* 05.JPG */ = {isa = PBXFileReference; lastKnownFileType = image.jpeg; path = 05.JPG; sourceTree = "<group>"; };
		2683996A1B86D6EF002299E6 /* 06.JPG */ = {isa = PBXFileReference; lastKnownFileType = image.jpeg; path = 06.JPG; sourceTree = "<group>"; };
		2683996B1B86D6EF002299E6 /* 07.JPG */ = {isa = PBXFileReference; lastKnownFileType = image.jpeg; path = 07.JPG; sourceTree = "<group>"; };
		2683996C1B86D6EF002299E6 /* 08.JPG */ = {isa = PBXFileReference; lastKnownFileType = image.jpeg; path = 08.JPG; sourceTree = "<group>"; };
		2683996D1B86D6EF002299E6 /* 09.JPG */ = {isa = PBXFileReference; lastKnownFileType = image.jpeg; path = 09.JPG; sourceTree = "<group>"; };
		2683996E1B86D6EF002299E6 /* 10.JPG */ = {isa = PBXFileReference; lastKnownFileType = image.jpeg; path = 10.JPG; sourceTree = "<group>"; };
		2683996F1B86D6EF002299E6 /* 11.JPG */ = {isa = PBXFileReference; lastKnownFileType = image.jpeg; path = 11.JPG; sourceTree = "<group>"; };
		268399701B86D6EF002299E6 /* 12.JPG */ = {isa = PBXFileReference; lastKnownFileType = image.jpeg; path = 12.JPG; sourceTree = "<group>"; };
		268399711B86D6EF002299E6 /* 13.JPG */ = {isa = PBXFileReference; lastKnownFileType = image.jpeg; path = 13.JPG; sourceTree = "<group>"; };
		268399721B86D6EF002299E6 /* 14.JPG */ = {isa = PBXFileReference; lastKnownFileType = image.jpeg; path = 14.JPG; sourceTree = "<group>"; };
		268399731B86D6EF002299E6 /* 15.JPG */ = {isa = PBXFileReference; lastKnownFileType = image.jpeg; path = 15.JPG; sourceTree = "<group>"; };
		268399741B86D6EF002299E6 /* 16.JPG */ = {isa = PBXFileReference; lastKnownFileType = image.jpeg; path = 16.JPG; sourceTree = "<group>"; };
/* End PBXFileReference section */

/* Begin PBXFrameworksBuildPhase section */
		2683990E1B86D340002299E6 /* Frameworks */ = {
			isa = PBXFrameworksBuildPhase;
			buildActionMask = 2147483647;
			files = (
			);
			runOnlyForDeploymentPostprocessing = 0;
		};
		268399271B86D340002299E6 /* Frameworks */ = {
			isa = PBXFrameworksBuildPhase;
			buildActionMask = 2147483647;
			files = (
			);
			runOnlyForDeploymentPostprocessing = 0;
		};
/* End PBXFrameworksBuildPhase section */

/* Begin PBXGroup section */
		268399081B86D340002299E6 = {
			isa = PBXGroup;
			children = (
				268399631B86D6AC002299E6 /* Resources */,
				268399421B86D694002299E6 /* Masonry */,
				2683993A1B86D5BB002299E6 /* Class */,
				268399131B86D340002299E6 /* ImageScanDemo */,
				2683992D1B86D340002299E6 /* ImageScanDemoTests */,
				268399121B86D340002299E6 /* Products */,
			);
			sourceTree = "<group>";
		};
		268399121B86D340002299E6 /* Products */ = {
			isa = PBXGroup;
			children = (
				268399111B86D340002299E6 /* ImageScanDemo.app */,
				2683992A1B86D340002299E6 /* ImageScanDemoTests.xctest */,
			);
			name = Products;
			sourceTree = "<group>";
		};
		268399131B86D340002299E6 /* ImageScanDemo */ = {
			isa = PBXGroup;
			children = (
				268399181B86D340002299E6 /* AppDelegate.h */,
				268399191B86D340002299E6 /* AppDelegate.m */,
				2683991B1B86D340002299E6 /* ViewController.h */,
				2683991C1B86D340002299E6 /* ViewController.m */,
				2683991E1B86D340002299E6 /* Main.storyboard */,
				268399211B86D340002299E6 /* Images.xcassets */,
				268399231B86D340002299E6 /* LaunchScreen.xib */,
				268399141B86D340002299E6 /* Supporting Files */,
			);
			path = ImageScanDemo;
			sourceTree = "<group>";
		};
		268399141B86D340002299E6 /* Supporting Files */ = {
			isa = PBXGroup;
			children = (
				268399151B86D340002299E6 /* Info.plist */,
				268399161B86D340002299E6 /* main.m */,
				268399411B86D66F002299E6 /* ImageScan.pch */,
			);
			name = "Supporting Files";
			sourceTree = "<group>";
		};
		2683992D1B86D340002299E6 /* ImageScanDemoTests */ = {
			isa = PBXGroup;
			children = (
				268399301B86D340002299E6 /* ImageScanDemoTests.m */,
				2683992E1B86D340002299E6 /* Supporting Files */,
			);
			path = ImageScanDemoTests;
			sourceTree = "<group>";
		};
		2683992E1B86D340002299E6 /* Supporting Files */ = {
			isa = PBXGroup;
			children = (
				2683992F1B86D340002299E6 /* Info.plist */,
			);
			name = "Supporting Files";
			sourceTree = "<group>";
		};
		2683993A1B86D5BB002299E6 /* Class */ = {
			isa = PBXGroup;
			children = (
				2683993B1B86D61E002299E6 /* ImageScanViewController.h */,
				2683993C1B86D61E002299E6 /* ImageScanViewController.m */,
				2683993E1B86D63D002299E6 /* SingleImageScanViewController.h */,
				2683993F1B86D63D002299E6 /* SingleImageScanViewController.m */,
			);
			path = Class;
			sourceTree = "<group>";
		};
		268399421B86D694002299E6 /* Masonry */ = {
			isa = PBXGroup;
			children = (
				268399431B86D694002299E6 /* MASCompositeConstraint.h */,
				268399441B86D694002299E6 /* MASCompositeConstraint.m */,
				268399451B86D694002299E6 /* MASConstraint+Private.h */,
				268399461B86D694002299E6 /* MASConstraint.h */,
				268399471B86D694002299E6 /* MASConstraint.m */,
				268399481B86D694002299E6 /* MASConstraintMaker.h */,
				268399491B86D694002299E6 /* MASConstraintMaker.m */,
				2683994A1B86D694002299E6 /* MASLayoutConstraint.h */,
				2683994B1B86D694002299E6 /* MASLayoutConstraint.m */,
				2683994C1B86D694002299E6 /* Masonry.h */,
				2683994D1B86D694002299E6 /* MASUtilities.h */,
				2683994E1B86D694002299E6 /* MASViewAttribute.h */,
				2683994F1B86D694002299E6 /* MASViewAttribute.m */,
				268399501B86D694002299E6 /* MASViewConstraint.h */,
				268399511B86D694002299E6 /* MASViewConstraint.m */,
				268399521B86D694002299E6 /* NSArray+MASAdditions.h */,
				268399531B86D694002299E6 /* NSArray+MASAdditions.m */,
				268399541B86D694002299E6 /* NSArray+MASShorthandAdditions.h */,
				268399551B86D694002299E6 /* NSLayoutConstraint+MASDebugAdditions.h */,
				268399561B86D694002299E6 /* NSLayoutConstraint+MASDebugAdditions.m */,
				268399571B86D694002299E6 /* View+MASAdditions.h */,
				268399581B86D694002299E6 /* View+MASAdditions.m */,
				268399591B86D694002299E6 /* View+MASShorthandAdditions.h */,
			);
			path = Masonry;
			sourceTree = "<group>";
		};
		268399631B86D6AC002299E6 /* Resources */ = {
			isa = PBXGroup;
			children = (
				268399641B86D6EF002299E6 /* Pics */,
			);
			path = Resources;
			sourceTree = "<group>";
		};
		268399641B86D6EF002299E6 /* Pics */ = {
			isa = PBXGroup;
			children = (
				268399651B86D6EF002299E6 /* 01.JPG */,
				268399661B86D6EF002299E6 /* 02.JPG */,
				268399671B86D6EF002299E6 /* 03.JPG */,
				268399681B86D6EF002299E6 /* 04.JPG */,
				268399691B86D6EF002299E6 /* 05.JPG */,
				2683996A1B86D6EF002299E6 /* 06.JPG */,
				2683996B1B86D6EF002299E6 /* 07.JPG */,
				2683996C1B86D6EF002299E6 /* 08.JPG */,
				2683996D1B86D6EF002299E6 /* 09.JPG */,
				2683996E1B86D6EF002299E6 /* 10.JPG */,
				2683996F1B86D6EF002299E6 /* 11.JPG */,
				268399701B86D6EF002299E6 /* 12.JPG */,
				268399711B86D6EF002299E6 /* 13.JPG */,
				268399721B86D6EF002299E6 /* 14.JPG */,
				268399731B86D6EF002299E6 /* 15.JPG */,
				268399741B86D6EF002299E6 /* 16.JPG */,
			);
			path = Pics;
			sourceTree = "<group>";
		};
/* End PBXGroup section */

/* Begin PBXNativeTarget section */
		268399101B86D340002299E6 /* ImageScanDemo */ = {
			isa = PBXNativeTarget;
			buildConfigurationList = 268399341B86D340002299E6 /* Build configuration list for PBXNativeTarget "ImageScanDemo" */;
			buildPhases = (
				2683990D1B86D340002299E6 /* Sources */,
				2683990E1B86D340002299E6 /* Frameworks */,
				2683990F1B86D340002299E6 /* Resources */,
			);
			buildRules = (
			);
			dependencies = (
			);
			name = ImageScanDemo;
			productName = ImageScanDemo;
			productReference = 268399111B86D340002299E6 /* ImageScanDemo.app */;
			productType = "com.apple.product-type.application";
		};
		268399291B86D340002299E6 /* ImageScanDemoTests */ = {
			isa = PBXNativeTarget;
			buildConfigurationList = 268399371B86D340002299E6 /* Build configuration list for PBXNativeTarget "ImageScanDemoTests" */;
			buildPhases = (
				268399261B86D340002299E6 /* Sources */,
				268399271B86D340002299E6 /* Frameworks */,
				268399281B86D340002299E6 /* Resources */,
			);
			buildRules = (
			);
			dependencies = (
				2683992C1B86D340002299E6 /* PBXTargetDependency */,
			);
			name = ImageScanDemoTests;
			productName = ImageScanDemoTests;
			productReference = 2683992A1B86D340002299E6 /* ImageScanDemoTests.xctest */;
			productType = "com.apple.product-type.bundle.unit-test";
		};
/* End PBXNativeTarget section */

/* Begin PBXProject section */
		268399091B86D340002299E6 /* Project object */ = {
			isa = PBXProject;
			attributes = {
				LastUpgradeCheck = 0640;
				ORGANIZATIONNAME = huyang;
				TargetAttributes = {
					268399101B86D340002299E6 = {
						CreatedOnToolsVersion = 6.4;
					};
					268399291B86D340002299E6 = {
						CreatedOnToolsVersion = 6.4;
						TestTargetID = 268399101B86D340002299E6;
					};
				};
			};
			buildConfigurationList = 2683990C1B86D340002299E6 /* Build configuration list for PBXProject "ImageScanDemo" */;
			compatibilityVersion = "Xcode 3.2";
			developmentRegion = English;
			hasScannedForEncodings = 0;
			knownRegions = (
				en,
				Base,
			);
			mainGroup = 268399081B86D340002299E6;
			productRefGroup = 268399121B86D340002299E6 /* Products */;
			projectDirPath = "";
			projectRoot = "";
			targets = (
				268399101B86D340002299E6 /* ImageScanDemo */,
				268399291B86D340002299E6 /* ImageScanDemoTests */,
			);
		};
/* End PBXProject section */

/* Begin PBXResourcesBuildPhase section */
		2683990F1B86D340002299E6 /* Resources */ = {
			isa = PBXResourcesBuildPhase;
			buildActionMask = 2147483647;
			files = (
				268399821B86D6EF002299E6 /* 14.JPG in Resources */,
				2683997E1B86D6EF002299E6 /* 10.JPG in Resources */,
				2683997B1B86D6EF002299E6 /* 07.JPG in Resources */,
				268399761B86D6EF002299E6 /* 02.JPG in Resources */,
				2683997D1B86D6EF002299E6 /* 09.JPG in Resources */,
				268399841B86D6EF002299E6 /* 16.JPG in Resources */,
				268399781B86D6EF002299E6 /* 04.JPG in Resources */,
				2683997C1B86D6EF002299E6 /* 08.JPG in Resources */,
				268399791B86D6EF002299E6 /* 05.JPG in Resources */,
				268399201B86D340002299E6 /* Main.storyboard in Resources */,
				268399771B86D6EF002299E6 /* 03.JPG in Resources */,
				268399811B86D6EF002299E6 /* 13.JPG in Resources */,
				2683997F1B86D6EF002299E6 /* 11.JPG in Resources */,
				268399801B86D6EF002299E6 /* 12.JPG in Resources */,
				268399831B86D6EF002299E6 /* 15.JPG in Resources */,
				268399251B86D340002299E6 /* LaunchScreen.xib in Resources */,
				268399751B86D6EF002299E6 /* 01.JPG in Resources */,
				268399221B86D340002299E6 /* Images.xcassets in Resources */,
				2683997A1B86D6EF002299E6 /* 06.JPG in Resources */,
			);
			runOnlyForDeploymentPostprocessing = 0;
		};
		268399281B86D340002299E6 /* Resources */ = {
			isa = PBXResourcesBuildPhase;
			buildActionMask = 2147483647;
			files = (
			);
			runOnlyForDeploymentPostprocessing = 0;
		};
/* End PBXResourcesBuildPhase section */

/* Begin PBXSourcesBuildPhase section */
		2683990D1B86D340002299E6 /* Sources */ = {
			isa = PBXSourcesBuildPhase;
			buildActionMask = 2147483647;
			files = (
				268399611B86D694002299E6 /* NSLayoutConstraint+MASDebugAdditions.m in Sources */,
				2683991D1B86D340002299E6 /* ViewController.m in Sources */,
				2683995F1B86D694002299E6 /* MASViewConstraint.m in Sources */,
				268399401B86D63D002299E6 /* SingleImageScanViewController.m in Sources */,
				2683991A1B86D340002299E6 /* AppDelegate.m in Sources */,
				268399171B86D340002299E6 /* main.m in Sources */,
				268399621B86D694002299E6 /* View+MASAdditions.m in Sources */,
				2683995A1B86D694002299E6 /* MASCompositeConstraint.m in Sources */,
				2683995E1B86D694002299E6 /* MASViewAttribute.m in Sources */,
				2683995C1B86D694002299E6 /* MASConstraintMaker.m in Sources */,
				268399601B86D694002299E6 /* NSArray+MASAdditions.m in Sources */,
				2683995B1B86D694002299E6 /* MASConstraint.m in Sources */,
				2683995D1B86D694002299E6 /* MASLayoutConstraint.m in Sources */,
				2683993D1B86D61E002299E6 /* ImageScanViewController.m in Sources */,
			);
			runOnlyForDeploymentPostprocessing = 0;
		};
		268399261B86D340002299E6 /* Sources */ = {
			isa = PBXSourcesBuildPhase;
			buildActionMask = 2147483647;
			files = (
				268399311B86D340002299E6 /* ImageScanDemoTests.m in Sources */,
			);
			runOnlyForDeploymentPostprocessing = 0;
		};
/* End PBXSourcesBuildPhase section */

/* Begin PBXTargetDependency section */
		2683992C1B86D340002299E6 /* PBXTargetDependency */ = {
			isa = PBXTargetDependency;
			target = 268399101B86D340002299E6 /* ImageScanDemo */;
			targetProxy = 2683992B1B86D340002299E6 /* PBXContainerItemProxy */;
		};
/* End PBXTargetDependency section */

/* Begin PBXVariantGroup section */
		2683991E1B86D340002299E6 /* Main.storyboard */ = {
			isa = PBXVariantGroup;
			children = (
				2683991F1B86D340002299E6 /* Base */,
			);
			name = Main.storyboard;
			sourceTree = "<group>";
		};
		268399231B86D340002299E6 /* LaunchScreen.xib */ = {
			isa = PBXVariantGroup;
			children = (
				268399241B86D340002299E6 /* Base */,
			);
			name = LaunchScreen.xib;
			sourceTree = "<group>";
		};
/* End PBXVariantGroup section */

/* Begin XCBuildConfiguration section */
		268399321B86D340002299E6 /* Debug */ = {
			isa = XCBuildConfiguration;
			buildSettings = {
				ALWAYS_SEARCH_USER_PATHS = NO;
				CLANG_CXX_LANGUAGE_STANDARD = "gnu++0x";
				CLANG_CXX_LIBRARY = "libc++";
				CLANG_ENABLE_MODULES = YES;
				CLANG_ENABLE_OBJC_ARC = YES;
				CLANG_WARN_BOOL_CONVERSION = YES;
				CLANG_WARN_CONSTANT_CONVERSION = YES;
				CLANG_WARN_DIRECT_OBJC_ISA_USAGE = YES_ERROR;
				CLANG_WARN_EMPTY_BODY = YES;
				CLANG_WARN_ENUM_CONVERSION = YES;
				CLANG_WARN_INT_CONVERSION = YES;
				CLANG_WARN_OBJC_ROOT_CLASS = YES_ERROR;
				CLANG_WARN_UNREACHABLE_CODE = YES;
				CLANG_WARN__DUPLICATE_METHOD_MATCH = YES;
				"CODE_SIGN_IDENTITY[sdk=iphoneos*]" = "iPhone Developer";
				COPY_PHASE_STRIP = NO;
				DEBUG_INFORMATION_FORMAT = "dwarf-with-dsym";
				ENABLE_STRICT_OBJC_MSGSEND = YES;
				GCC_C_LANGUAGE_STANDARD = gnu99;
				GCC_DYNAMIC_NO_PIC = NO;
				GCC_NO_COMMON_BLOCKS = YES;
				GCC_OPTIMIZATION_LEVEL = 0;
				GCC_PREPROCESSOR_DEFINITIONS = (
					"DEBUG=1",
					"$(inherited)",
				);
				GCC_SYMBOLS_PRIVATE_EXTERN = NO;
				GCC_WARN_64_TO_32_BIT_CONVERSION = YES;
				GCC_WARN_ABOUT_RETURN_TYPE = YES_ERROR;
				GCC_WARN_UNDECLARED_SELECTOR = YES;
				GCC_WARN_UNINITIALIZED_AUTOS = YES_AGGRESSIVE;
				GCC_WARN_UNUSED_FUNCTION = YES;
				GCC_WARN_UNUSED_VARIABLE = YES;
				IPHONEOS_DEPLOYMENT_TARGET = 8.4;
				MTL_ENABLE_DEBUG_INFO = YES;
				ONLY_ACTIVE_ARCH = YES;
				SDKROOT = iphoneos;
				TARGETED_DEVICE_FAMILY = "1,2";
			};
			name = Debug;
		};
		268399331B86D340002299E6 /* Release */ = {
			isa = XCBuildConfiguration;
			buildSettings = {
				ALWAYS_SEARCH_USER_PATHS = NO;
				CLANG_CXX_LANGUAGE_STANDARD = "gnu++0x";
				CLANG_CXX_LIBRARY = "libc++";
				CLANG_ENABLE_MODULES = YES;
				CLANG_ENABLE_OBJC_ARC = YES;
				CLANG_WARN_BOOL_CONVERSION = YES;
				CLANG_WARN_CONSTANT_CONVERSION = YES;
				CLANG_WARN_DIRECT_OBJC_ISA_USAGE = YES_ERROR;
				CLANG_WARN_EMPTY_BODY = YES;
				CLANG_WARN_ENUM_CONVERSION = YES;
				CLANG_WARN_INT_CONVERSION = YES;
				CLANG_WARN_OBJC_ROOT_CLASS = YES_ERROR;
				CLANG_WARN_UNREACHABLE_CODE = YES;
				CLANG_WARN__DUPLICATE_METHOD_MATCH = YES;
				"CODE_SIGN_IDENTITY[sdk=iphoneos*]" = "iPhone Developer";
				COPY_PHASE_STRIP = NO;
				DEBUG_INFORMATION_FORMAT = "dwarf-with-dsym";
				ENABLE_NS_ASSERTIONS = NO;
				ENABLE_STRICT_OBJC_MSGSEND = YES;
				GCC_C_LANGUAGE_STANDARD = gnu99;
				GCC_NO_COMMON_BLOCKS = YES;
				GCC_WARN_64_TO_32_BIT_CONVERSION = YES;
				GCC_WARN_ABOUT_RETURN_TYPE = YES_ERROR;
				GCC_WARN_UNDECLARED_SELECTOR = YES;
				GCC_WARN_UNINITIALIZED_AUTOS = YES_AGGRESSIVE;
				GCC_WARN_UNUSED_FUNCTION = YES;
				GCC_WARN_UNUSED_VARIABLE = YES;
				IPHONEOS_DEPLOYMENT_TARGET = 8.4;
				MTL_ENABLE_DEBUG_INFO = NO;
				SDKROOT = iphoneos;
				TARGETED_DEVICE_FAMILY = "1,2";
				VALIDATE_PRODUCT = YES;
			};
			name = Release;
		};
		268399351B86D340002299E6 /* Debug */ = {
			isa = XCBuildConfiguration;
			buildSettings = {
				ASSETCATALOG_COMPILER_APPICON_NAME = AppIcon;
				INFOPLIST_FILE = ImageScanDemo/Info.plist;
				IPHONEOS_DEPLOYMENT_TARGET = 7.0;
				LD_RUNPATH_SEARCH_PATHS = "$(inherited) @executable_path/Frameworks";
				PRODUCT_NAME = "$(TARGET_NAME)";
			};
			name = Debug;
		};
		268399361B86D340002299E6 /* Release */ = {
			isa = XCBuildConfiguration;
			buildSettings = {
				ASSETCATALOG_COMPILER_APPICON_NAME = AppIcon;
				INFOPLIST_FILE = ImageScanDemo/Info.plist;
				IPHONEOS_DEPLOYMENT_TARGET = 7.0;
				LD_RUNPATH_SEARCH_PATHS = "$(inherited) @executable_path/Frameworks";
				PRODUCT_NAME = "$(TARGET_NAME)";
			};
			name = Release;
		};
		268399381B86D340002299E6 /* Debug */ = {
			isa = XCBuildConfiguration;
			buildSettings = {
				BUNDLE_LOADER = "$(TEST_HOST)";
				FRAMEWORK_SEARCH_PATHS = (
					"$(SDKROOT)/Developer/Library/Frameworks",
					"$(inherited)",
				);
				GCC_PREPROCESSOR_DEFINITIONS = (
					"DEBUG=1",
					"$(inherited)",
				);
				INFOPLIST_FILE = ImageScanDemoTests/Info.plist;
				LD_RUNPATH_SEARCH_PATHS = "$(inherited) @executable_path/Frameworks @loader_path/Frameworks";
				PRODUCT_NAME = "$(TARGET_NAME)";
				TEST_HOST = "$(BUILT_PRODUCTS_DIR)/ImageScanDemo.app/ImageScanDemo";
			};
			name = Debug;
		};
		268399391B86D340002299E6 /* Release */ = {
			isa = XCBuildConfiguration;
			buildSettings = {
				BUNDLE_LOADER = "$(TEST_HOST)";
				FRAMEWORK_SEARCH_PATHS = (
					"$(SDKROOT)/Developer/Library/Frameworks",
					"$(inherited)",
				);
				INFOPLIST_FILE = ImageScanDemoTests/Info.plist;
				LD_RUNPATH_SEARCH_PATHS = "$(inherited) @executable_path/Frameworks @loader_path/Frameworks";
				PRODUCT_NAME = "$(TARGET_NAME)";
				TEST_HOST = "$(BUILT_PRODUCTS_DIR)/ImageScanDemo.app/ImageScanDemo";
			};
			name = Release;
		};
/* End XCBuildConfiguration section */

/* Begin XCConfigurationList section */
		2683990C1B86D340002299E6 /* Build configuration list for PBXProject "ImageScanDemo" */ = {
			isa = XCConfigurationList;
			buildConfigurations = (
				268399321B86D340002299E6 /* Debug */,
				268399331B86D340002299E6 /* Release */,
			);
			defaultConfigurationIsVisible = 0;
			defaultConfigurationName = Release;
		};
		268399341B86D340002299E6 /* Build configuration list for PBXNativeTarget "ImageScanDemo" */ = {
			isa = XCConfigurationList;
			buildConfigurations = (
				268399351B86D340002299E6 /* Debug */,
				268399361B86D340002299E6 /* Release */,
			);
			defaultConfigurationIsVisible = 0;
		};
		268399371B86D340002299E6 /* Build configuration list for PBXNativeTarget "ImageScanDemoTests" */ = {
			isa = XCConfigurationList;
			buildConfigurations = (
				268399381B86D340002299E6 /* Debug */,
				268399391B86D340002299E6 /* Release */,
			);
			defaultConfigurationIsVisible = 0;
		};
/* End XCConfigurationList section */
	};
	rootObject = 268399091B86D340002299E6 /* Project object */;
}
